
Microsoft Visual Studio Solution File, Format Version 12.00
# Visual Studio Version 17
VisualStudioVersion = 17.14.36301.6 d17.14
MinimumVisualStudioVersion = 10.0.40219.1
Project("{FAE04EC0-301F-11D3-BF4B-00C04F79EFBC}") = "AppOdontologia", "AppOdontologia.csproj", "{4DCDDEA7-DBF9-4F33-A8D4-DCC933022DAA}"
EndProject
Global
	GlobalSection(SolutionConfigurationPlatforms) = preSolution
		Debug|Any CPU = Debug|Any CPU
		Release|Any CPU = Release|Any CPU
	EndGlobalSection
	GlobalSection(ProjectConfigurationPlatforms) = postSolution
		{4DCDDEA7-DBF9-4F33-A8D4-DCC933022DAA}.Debug|Any CPU.ActiveCfg = Debug|Any CPU
		{4DCDDEA7-DBF9-4F33-A8D4-DCC933022DAA}.Debug|Any CPU.Build.0 = Debug|Any CPU
		{4DCDDEA7-DBF9-4F33-A8D4-DCC933022DAA}.Release|Any CPU.ActiveCfg = Release|Any CPU
		{4DCDDEA7-DBF9-4F33-A8D4-DCC933022DAA}.Release|Any CPU.Build.0 = Release|Any CPU
	EndGlobalSection
	GlobalSection(SolutionProperties) = preSolution
		HideSolutionNode = FALSE
	EndGlobalSection
	GlobalSection(ExtensibilityGlobals) = postSolution
		SolutionGuid = {88E6D791-E241-4A57-A633-658812402786}
	EndGlobalSection
EndGlobal
